
Microsoft Visual Studio Solution File, Format Version 12.00
# Visual Studio 15
VisualStudioVersion = 15.0.28307.572
MinimumVisualStudioVersion = 10.0.40219.1
Project("{FAE04EC0-301F-11D3-BF4B-00C04F79EFBC}") = "ColorTrainer", "ColorTrainer\ColorTrainer.csproj", "{1B815650-8ABD-40F6-B79A-24D4ABF27D2A}"
EndProject
Global
	GlobalSection(SolutionConfigurationPlatforms) = preSolution
		Debug|Any CPU = Debug|Any CPU
		Release|Any CPU = Release|Any CPU
	EndGlobalSection
	GlobalSection(ProjectConfigurationPlatforms) = postSolution
		{1B815650-8ABD-40F6-B79A-24D4ABF27D2A}.Debug|Any CPU.ActiveCfg = Debug|Any CPU
		{1B815650-8ABD-40F6-B79A-24D4ABF27D2A}.Debug|Any CPU.Build.0 = Debug|Any CPU
		{1B815650-8ABD-40F6-B79A-24D4ABF27D2A}.Release|Any CPU.ActiveCfg = Release|Any CPU
		{1B815650-8ABD-40F6-B79A-24D4ABF27D2A}.Release|Any CPU.Build.0 = Release|Any CPU
	EndGlobalSection
	GlobalSection(SolutionProperties) = preSolution
		HideSolutionNode = FALSE
	EndGlobalSection
	GlobalSection(ExtensibilityGlobals) = postSolution
		SolutionGuid = {8F8F23F8-D99E-4BA4-AF60-30E04E22AEE8}
	EndGlobalSection
EndGlobal
